
Microsoft Visual Studio Solution File, Format Version 12.00
# Visual Studio Version 17
VisualStudioVersion = 17.0.31903.59
MinimumVisualStudioVersion = 10.0.40219.1
Project("{2150E333-8FDC-42A3-9474-1A3956D46DE8}") = "src", "src", "{827E0CD3-B72D-47B6-A68D-7590B98EB39B}"
EndProject
Project("{2150E333-8FDC-42A3-9474-1A3956D46DE8}") = "Domain", "Domain", "{8B290487-4C16-E85E-E807-F579CBE9FC4D}"
EndProject
Project("{FAE04EC0-301F-11D3-BF4B-00C04F79EFBC}") = "Please.Domain", "src\Domain\Please.Domain\Please.Domain.csproj", "{12D21067-80AF-4802-87DC-9B2C53ACC18D}"
EndProject
Project("{2150E333-8FDC-42A3-9474-1A3956D46DE8}") = "Application", "Application", "{22BAF98C-8415-17C4-B26A-D537657BC863}"
EndProject
Project("{FAE04EC0-301F-11D3-BF4B-00C04F79EFBC}") = "Please.Application", "src\Application\Please.Application\Please.Application.csproj", "{0076B2BE-7676-4470-9342-90652ED4D73B}"
EndProject
Project("{2150E333-8FDC-42A3-9474-1A3956D46DE8}") = "Infrastructure", "Infrastructure", "{9048EB7F-3875-A59E-E36B-5BD4C6F2A282}"
EndProject
Project("{FAE04EC0-301F-11D3-BF4B-00C04F79EFBC}") = "Please.Infrastructure", "src\Infrastructure\Please.Infrastructure\Please.Infrastructure.csproj", "{F711EF9B-E58F-4779-A777-FA01A68DEE82}"
EndProject
Project("{2150E333-8FDC-42A3-9474-1A3956D46DE8}") = "Presentation", "Presentation", "{6996BBF7-DB31-59BC-C7DD-9A7CCC6138C4}"
EndProject
Project("{FAE04EC0-301F-11D3-BF4B-00C04F79EFBC}") = "Please.Console", "src\Presentation\Please.Console\Please.Console.csproj", "{1CE978E8-F811-4AD9-9F42-FDBADAFB8EC0}"
EndProject
Project("{2150E333-8FDC-42A3-9474-1A3956D46DE8}") = "tests", "tests", "{0AB3BF05-4346-4AA6-1389-037BE0695223}"
EndProject
Project("{2150E333-8FDC-42A3-9474-1A3956D46DE8}") = "Domain.UnitTests", "Domain.UnitTests", "{44AE084E-2E25-F01B-ECA3-5F9D0261D8DF}"
EndProject
Project("{FAE04EC0-301F-11D3-BF4B-00C04F79EFBC}") = "Please.Domain.UnitTests", "tests\Domain.UnitTests\Please.Domain.UnitTests\Please.Domain.UnitTests.csproj", "{9635ABA9-8513-4758-ABF2-435F2904F72C}"
EndProject
Project("{2150E333-8FDC-42A3-9474-1A3956D46DE8}") = "Application.UnitTests", "Application.UnitTests", "{B7A67187-1738-495E-17CB-A690C572E7D4}"
EndProject
Project("{FAE04EC0-301F-11D3-BF4B-00C04F79EFBC}") = "Please.Application.UnitTests", "tests\Application.UnitTests\Please.Application.UnitTests\Please.Application.UnitTests.csproj", "{85E60548-4DF9-462B-9F1B-39CF383DCB55}"
EndProject
Project("{2150E333-8FDC-42A3-9474-1A3956D46DE8}") = "Application.IntegrationTests", "Application.IntegrationTests", "{EFBC886A-A897-E26D-6F34-4F7FB16D268C}"
EndProject
Project("{FAE04EC0-301F-11D3-BF4B-00C04F79EFBC}") = "Please.Application.IntegrationTests", "tests\Application.IntegrationTests\Please.Application.IntegrationTests\Please.Application.IntegrationTests.csproj", "{196F9146-25E5-49C7-8D38-FA94ED59898A}"
EndProject
Global
	GlobalSection(SolutionConfigurationPlatforms) = preSolution
		Debug|Any CPU = Debug|Any CPU
		Debug|x64 = Debug|x64
		Debug|x86 = Debug|x86
		Release|Any CPU = Release|Any CPU
		Release|x64 = Release|x64
		Release|x86 = Release|x86
	EndGlobalSection
	GlobalSection(ProjectConfigurationPlatforms) = postSolution
		{12D21067-80AF-4802-87DC-9B2C53ACC18D}.Debug|Any CPU.ActiveCfg = Debug|Any CPU
		{12D21067-80AF-4802-87DC-9B2C53ACC18D}.Debug|Any CPU.Build.0 = Debug|Any CPU
		{12D21067-80AF-4802-87DC-9B2C53ACC18D}.Debug|x64.ActiveCfg = Debug|Any CPU
		{12D21067-80AF-4802-87DC-9B2C53ACC18D}.Debug|x64.Build.0 = Debug|Any CPU
		{12D21067-80AF-4802-87DC-9B2C53ACC18D}.Debug|x86.ActiveCfg = Debug|Any CPU
		{12D21067-80AF-4802-87DC-9B2C53ACC18D}.Debug|x86.Build.0 = Debug|Any CPU
		{12D21067-80AF-4802-87DC-9B2C53ACC18D}.Release|Any CPU.ActiveCfg = Release|Any CPU
		{12D21067-80AF-4802-87DC-9B2C53ACC18D}.Release|Any CPU.Build.0 = Release|Any CPU
		{12D21067-80AF-4802-87DC-9B2C53ACC18D}.Release|x64.ActiveCfg = Release|Any CPU
		{12D21067-80AF-4802-87DC-9B2C53ACC18D}.Release|x64.Build.0 = Release|Any CPU
		{12D21067-80AF-4802-87DC-9B2C53ACC18D}.Release|x86.ActiveCfg = Release|Any CPU
		{12D21067-80AF-4802-87DC-9B2C53ACC18D}.Release|x86.Build.0 = Release|Any CPU
		{0076B2BE-7676-4470-9342-90652ED4D73B}.Debug|Any CPU.ActiveCfg = Debug|Any CPU
		{0076B2BE-7676-4470-9342-90652ED4D73B}.Debug|Any CPU.Build.0 = Debug|Any CPU
		{0076B2BE-7676-4470-9342-90652ED4D73B}.Debug|x64.ActiveCfg = Debug|Any CPU
		{0076B2BE-7676-4470-9342-90652ED4D73B}.Debug|x64.Build.0 = Debug|Any CPU
		{0076B2BE-7676-4470-9342-90652ED4D73B}.Debug|x86.ActiveCfg = Debug|Any CPU
		{0076B2BE-7676-4470-9342-90652ED4D73B}.Debug|x86.Build.0 = Debug|Any CPU
		{0076B2BE-7676-4470-9342-90652ED4D73B}.Release|Any CPU.ActiveCfg = Release|Any CPU
		{0076B2BE-7676-4470-9342-90652ED4D73B}.Release|Any CPU.Build.0 = Release|Any CPU
		{0076B2BE-7676-4470-9342-90652ED4D73B}.Release|x64.ActiveCfg = Release|Any CPU
		{0076B2BE-7676-4470-9342-90652ED4D73B}.Release|x64.Build.0 = Release|Any CPU
		{0076B2BE-7676-4470-9342-90652ED4D73B}.Release|x86.ActiveCfg = Release|Any CPU
		{0076B2BE-7676-4470-9342-90652ED4D73B}.Release|x86.Build.0 = Release|Any CPU
		{F711EF9B-E58F-4779-A777-FA01A68DEE82}.Debug|Any CPU.ActiveCfg = Debug|Any CPU
		{F711EF9B-E58F-4779-A777-FA01A68DEE82}.Debug|Any CPU.Build.0 = Debug|Any CPU
		{F711EF9B-E58F-4779-A777-FA01A68DEE82}.Debug|x64.ActiveCfg = Debug|Any CPU
		{F711EF9B-E58F-4779-A777-FA01A68DEE82}.Debug|x64.Build.0 = Debug|Any CPU
		{F711EF9B-E58F-4779-A777-FA01A68DEE82}.Debug|x86.ActiveCfg = Debug|Any CPU
		{F711EF9B-E58F-4779-A777-FA01A68DEE82}.Debug|x86.Build.0 = Debug|Any CPU
		{F711EF9B-E58F-4779-A777-FA01A68DEE82}.Release|Any CPU.ActiveCfg = Release|Any CPU
		{F711EF9B-E58F-4779-A777-FA01A68DEE82}.Release|Any CPU.Build.0 = Release|Any CPU
		{F711EF9B-E58F-4779-A777-FA01A68DEE82}.Release|x64.ActiveCfg = Release|Any CPU
		{F711EF9B-E58F-4779-A777-FA01A68DEE82}.Release|x64.Build.0 = Release|Any CPU
		{F711EF9B-E58F-4779-A777-FA01A68DEE82}.Release|x86.ActiveCfg = Release|Any CPU
		{F711EF9B-E58F-4779-A777-FA01A68DEE82}.Release|x86.Build.0 = Release|Any CPU
		{1CE978E8-F811-4AD9-9F42-FDBADAFB8EC0}.Debug|Any CPU.ActiveCfg = Debug|Any CPU
		{1CE978E8-F811-4AD9-9F42-FDBADAFB8EC0}.Debug|Any CPU.Build.0 = Debug|Any CPU
		{1CE978E8-F811-4AD9-9F42-FDBADAFB8EC0}.Debug|x64.ActiveCfg = Debug|Any CPU
		{1CE978E8-F811-4AD9-9F42-FDBADAFB8EC0}.Debug|x64.Build.0 = Debug|Any CPU
		{1CE978E8-F811-4AD9-9F42-FDBADAFB8EC0}.Debug|x86.ActiveCfg = Debug|Any CPU
		{1CE978E8-F811-4AD9-9F42-FDBADAFB8EC0}.Debug|x86.Build.0 = Debug|Any CPU
		{1CE978E8-F811-4AD9-9F42-FDBADAFB8EC0}.Release|Any CPU.ActiveCfg = Release|Any CPU
		{1CE978E8-F811-4AD9-9F42-FDBADAFB8EC0}.Release|Any CPU.Build.0 = Release|Any CPU
		{1CE978E8-F811-4AD9-9F42-FDBADAFB8EC0}.Release|x64.ActiveCfg = Release|Any CPU
		{1CE978E8-F811-4AD9-9F42-FDBADAFB8EC0}.Release|x64.Build.0 = Release|Any CPU
		{1CE978E8-F811-4AD9-9F42-FDBADAFB8EC0}.Release|x86.ActiveCfg = Release|Any CPU
		{1CE978E8-F811-4AD9-9F42-FDBADAFB8EC0}.Release|x86.Build.0 = Release|Any CPU
		{9635ABA9-8513-4758-ABF2-435F2904F72C}.Debug|Any CPU.ActiveCfg = Debug|Any CPU
		{9635ABA9-8513-4758-ABF2-435F2904F72C}.Debug|Any CPU.Build.0 = Debug|Any CPU
		{9635ABA9-8513-4758-ABF2-435F2904F72C}.Debug|x64.ActiveCfg = Debug|Any CPU
		{9635ABA9-8513-4758-ABF2-435F2904F72C}.Debug|x64.Build.0 = Debug|Any CPU
		{9635ABA9-8513-4758-ABF2-435F2904F72C}.Debug|x86.ActiveCfg = Debug|Any CPU
		{9635ABA9-8513-4758-ABF2-435F2904F72C}.Debug|x86.Build.0 = Debug|Any CPU
		{9635ABA9-8513-4758-ABF2-435F2904F72C}.Release|Any CPU.ActiveCfg = Release|Any CPU
		{9635ABA9-8513-4758-ABF2-435F2904F72C}.Release|Any CPU.Build.0 = Release|Any CPU
		{9635ABA9-8513-4758-ABF2-435F2904F72C}.Release|x64.ActiveCfg = Release|Any CPU
		{9635ABA9-8513-4758-ABF2-435F2904F72C}.Release|x64.Build.0 = Release|Any CPU
		{9635ABA9-8513-4758-ABF2-435F2904F72C}.Release|x86.ActiveCfg = Release|Any CPU
		{9635ABA9-8513-4758-ABF2-435F2904F72C}.Release|x86.Build.0 = Release|Any CPU
		{85E60548-4DF9-462B-9F1B-39CF383DCB55}.Debug|Any CPU.ActiveCfg = Debug|Any CPU
		{85E60548-4DF9-462B-9F1B-39CF383DCB55}.Debug|Any CPU.Build.0 = Debug|Any CPU
		{85E60548-4DF9-462B-9F1B-39CF383DCB55}.Debug|x64.ActiveCfg = Debug|Any CPU
		{85E60548-4DF9-462B-9F1B-39CF383DCB55}.Debug|x64.Build.0 = Debug|Any CPU
		{85E60548-4DF9-462B-9F1B-39CF383DCB55}.Debug|x86.ActiveCfg = Debug|Any CPU
		{85E60548-4DF9-462B-9F1B-39CF383DCB55}.Debug|x86.Build.0 = Debug|Any CPU
		{85E60548-4DF9-462B-9F1B-39CF383DCB55}.Release|Any CPU.ActiveCfg = Release|Any CPU
		{85E60548-4DF9-462B-9F1B-39CF383DCB55}.Release|Any CPU.Build.0 = Release|Any CPU
		{85E60548-4DF9-462B-9F1B-39CF383DCB55}.Release|x64.ActiveCfg = Release|Any CPU
		{85E60548-4DF9-462B-9F1B-39CF383DCB55}.Release|x64.Build.0 = Release|Any CPU
		{85E60548-4DF9-462B-9F1B-39CF383DCB55}.Release|x86.ActiveCfg = Release|Any CPU
		{85E60548-4DF9-462B-9F1B-39CF383DCB55}.Release|x86.Build.0 = Release|Any CPU
		{196F9146-25E5-49C7-8D38-FA94ED59898A}.Debug|Any CPU.ActiveCfg = Debug|Any CPU
		{196F9146-25E5-49C7-8D38-FA94ED59898A}.Debug|Any CPU.Build.0 = Debug|Any CPU
		{196F9146-25E5-49C7-8D38-FA94ED59898A}.Debug|x64.ActiveCfg = Debug|Any CPU
		{196F9146-25E5-49C7-8D38-FA94ED59898A}.Debug|x64.Build.0 = Debug|Any CPU
		{196F9146-25E5-49C7-8D38-FA94ED59898A}.Debug|x86.ActiveCfg = Debug|Any CPU
		{196F9146-25E5-49C7-8D38-FA94ED59898A}.Debug|x86.Build.0 = Debug|Any CPU
		{196F9146-25E5-49C7-8D38-FA94ED59898A}.Release|Any CPU.ActiveCfg = Release|Any CPU
		{196F9146-25E5-49C7-8D38-FA94ED59898A}.Release|Any CPU.Build.0 = Release|Any CPU
		{196F9146-25E5-49C7-8D38-FA94ED59898A}.Release|x64.ActiveCfg = Release|Any CPU
		{196F9146-25E5-49C7-8D38-FA94ED59898A}.Release|x64.Build.0 = Release|Any CPU
		{196F9146-25E5-49C7-8D38-FA94ED59898A}.Release|x86.ActiveCfg = Release|Any CPU
		{196F9146-25E5-49C7-8D38-FA94ED59898A}.Release|x86.Build.0 = Release|Any CPU
	EndGlobalSection
	GlobalSection(SolutionProperties) = preSolution
		HideSolutionNode = FALSE
	EndGlobalSection
	GlobalSection(NestedProjects) = preSolution
		{8B290487-4C16-E85E-E807-F579CBE9FC4D} = {827E0CD3-B72D-47B6-A68D-7590B98EB39B}
		{12D21067-80AF-4802-87DC-9B2C53ACC18D} = {8B290487-4C16-E85E-E807-F579CBE9FC4D}
		{22BAF98C-8415-17C4-B26A-D537657BC863} = {827E0CD3-B72D-47B6-A68D-7590B98EB39B}
		{0076B2BE-7676-4470-9342-90652ED4D73B} = {22BAF98C-8415-17C4-B26A-D537657BC863}
		{9048EB7F-3875-A59E-E36B-5BD4C6F2A282} = {827E0CD3-B72D-47B6-A68D-7590B98EB39B}
		{F711EF9B-E58F-4779-A777-FA01A68DEE82} = {9048EB7F-3875-A59E-E36B-5BD4C6F2A282}
		{6996BBF7-DB31-59BC-C7DD-9A7CCC6138C4} = {827E0CD3-B72D-47B6-A68D-7590B98EB39B}
		{1CE978E8-F811-4AD9-9F42-FDBADAFB8EC0} = {6996BBF7-DB31-59BC-C7DD-9A7CCC6138C4}
		{44AE084E-2E25-F01B-ECA3-5F9D0261D8DF} = {0AB3BF05-4346-4AA6-1389-037BE0695223}
		{9635ABA9-8513-4758-ABF2-435F2904F72C} = {44AE084E-2E25-F01B-ECA3-5F9D0261D8DF}
		{B7A67187-1738-495E-17CB-A690C572E7D4} = {0AB3BF05-4346-4AA6-1389-037BE0695223}
		{85E60548-4DF9-462B-9F1B-39CF383DCB55} = {B7A67187-1738-495E-17CB-A690C572E7D4}
		{EFBC886A-A897-E26D-6F34-4F7FB16D268C} = {0AB3BF05-4346-4AA6-1389-037BE0695223}
		{196F9146-25E5-49C7-8D38-FA94ED59898A} = {EFBC886A-A897-E26D-6F34-4F7FB16D268C}
	EndGlobalSection
EndGlobal
